github.com/iods/go-datafile v0.0.0-20201224034725-9aff669b255b h1:F4WTsq9no7el2dmnc1IWpLS70i5JvhDqQxW4j34knas=
github.com/iods/go-datafile v0.0.0-20201224034725-9aff669b255b/go.mod h1:qVSDN/5JYW7HOGx937U5bxHHl7pug0or20NiDO9eOas=
github.com/iods/go-util v0.0.0-20201224082611-f66363599273 h1:xVQkn9eaxbVAy93s0hWa3iB89p1qgw3SLEOncAABKZ8=
github.com/iods/go-util v0.0.0-20201224082611-f66363599273/go.mod h1:Rs2p8HytRnNyKX6FtjBngNjWxMvemN8ONrjukziKU2o=
github.com/julienschmidt/httprouter v1.3.0 h1:U0609e9tgbseu3rBINet9P48AI/D3oJs4dN7jwJOQ1U=
github.com/julienschmidt/httprouter v1.3.0/go.mod h1:JR6WtHb+2LUe8TCKY3cZOxFyyO8IZAc4RVcycCCAKdM=
github.com/mattn/go-runewidth v0.0.7 h1:Ei8KR0497xHyKJPAv59M1dkC+rOZCMBJ+t3fZ+twI54=
github.com/mattn/go-runewidth v0.0.7/go.mod h1:H031xJmbD/WCDINGzjvQ9THkh0rPKHF+m2gUSrubnMI=
github.com/olekukonko/tablewriter v0.0.4 h1:vHD/YYe1Wolo78koG299f7V/VAS08c6IpCLn+Ejf/w8=
github.com/olekukonko/tablewriter v0.0.4/go.mod h1:zq6QwlOf5SlnkVbMSr5EoBv3636FWnp+qbPhuoO21uA=
github.com/spf13/pflag v1.0.5 h1:iy+VFUOCP1a+8yFto/drg2CJ5u0yRoB7fZw3DKv/JXA=
github.com/spf13/pflag v1.0.5/go.mod h1:McXfInJRrz4CZXVZOBLb0bTZqETkiAhM9Iw0y3An2Bg=
